
Microsoft Visual Studio Solution File, Format Version 12.00
# Visual Studio Version 16
VisualStudioVersion = 16.0.29209.62
MinimumVisualStudioVersion = 10.0.40219.1
Project("{FAE04EC0-301F-11D3-BF4B-00C04F79EFBC}") = "ConsoleApp2", "ConsoleApp2\ConsoleApp2.csproj", "{103DBA1E-FA93-47DD-92FA-FEDB2A3B223C}"
EndProject
Global
	GlobalSection(SolutionConfigurationPlatforms) = preSolution
		Debug|Any CPU = Debug|Any CPU
		Release|Any CPU = Release|Any CPU
	EndGlobalSection
	GlobalSection(ProjectConfigurationPlatforms) = postSolution
		{103DBA1E-FA93-47DD-92FA-FEDB2A3B223C}.Debug|Any CPU.ActiveCfg = Debug|Any CPU
		{103DBA1E-FA93-47DD-92FA-FEDB2A3B223C}.Debug|Any CPU.Build.0 = Debug|Any CPU
		{103DBA1E-FA93-47DD-92FA-FEDB2A3B223C}.Release|Any CPU.ActiveCfg = Release|Any CPU
		{103DBA1E-FA93-47DD-92FA-FEDB2A3B223C}.Release|Any CPU.Build.0 = Release|Any CPU
	EndGlobalSection
	GlobalSection(SolutionProperties) = preSolution
		HideSolutionNode = FALSE
	EndGlobalSection
	GlobalSection(ExtensibilityGlobals) = postSolution
		SolutionGuid = {E842A150-219F-44EA-8FFE-A940543EE77D}
	EndGlobalSection
EndGlobal
